// !$*UTF8*$!
{
	archiveVersion = 1;
	classes = {
	};
	objectVersion = 46;
	objects = {

/* Begin PBXBuildFile section */
		D5717C491992DAF800AF101B /* AppDelegate.swift in Sources */ = {isa = PBXBuildFile; fileRef = D5717C481992DAF800AF101B /* AppDelegate.swift */; };
		D5717C4B1992DAF800AF101B /* ViewController.swift in Sources */ = {isa = PBXBuildFile; fileRef = D5717C4A1992DAF800AF101B /* ViewController.swift */; };
		D5717C4E1992DAF800AF101B /* Main.storyboard in Resources */ = {isa = PBXBuildFile; fileRef = D5717C4C1992DAF800AF101B /* Main.storyboard */; };
		D5717C501992DAF800AF101B /* Images.xcassets in Resources */ = {isa = PBXBuildFile; fileRef = D5717C4F1992DAF800AF101B /* Images.xcassets */; };
		D5717C5C1992DAF800AF101B /* Assignment__IBAction___IBOutlet____println__Tests.swift in Sources */ = {isa = PBXBuildFile; fileRef = D5717C5B1992DAF800AF101B /* Assignment__IBAction___IBOutlet____println__Tests.swift */; };
/* End PBXBuildFile section */

/* Begin PBXContainerItemProxy section */
		D5717C561992DAF800AF101B /* PBXContainerItemProxy */ = {
			isa = PBXContainerItemProxy;
			containerPortal = D5717C3B1992DAF800AF101B /* Project object */;
			proxyType = 1;
			remoteGlobalIDString = D5717C421992DAF800AF101B;
			remoteInfo = "Assignment @IBAction, @IBOutlet, & println()";
		};
/* End PBXContainerItemProxy section */

/* Begin PBXFileReference section */
		D5717C431992DAF800AF101B /* Assignment @IBAction, @IBOutlet, & println().app */ = {isa = PBXFileReference; explicitFileType = wrapper.application; includeInIndex = 0; path = "Assignment @IBAction, @IBOutlet, & println().app"; sourceTree = BUILT_PRODUCTS_DIR; };
		D5717C471992DAF800AF101B /* Info.plist */ = {isa = PBXFileReference; lastKnownFileType = text.plist.xml; path = Info.plist; sourceTree = "<group>"; };
		D5717C481992DAF800AF101B /* AppDelegate.swift */ = {isa = PBXFileReference; lastKnownFileType = sourcecode.swift; path = AppDelegate.swift; sourceTree = "<group>"; };
		D5717C4A1992DAF800AF101B /* ViewController.swift */ = {isa = PBXFileReference; lastKnownFileType = sourcecode.swift; path = ViewController.swift; sourceTree = "<group>"; };
		D5717C4D1992DAF800AF101B /* Base */ = {isa = PBXFileReference; lastKnownFileType = file.storyboard; name = Base; path = Base.lproj/Main.storyboard; sourceTree = "<group>"; };
		D5717C4F1992DAF800AF101B /* Images.xcassets */ = {isa = PBXFileReference; lastKnownFileType = folder.assetcatalog; path = Images.xcassets; sourceTree = "<group>"; };
		D5717C551992DAF800AF101B /* Assignment @IBAction, @IBOutlet, & println()Tests.xctest */ = {isa = PBXFileReference; explicitFileType = wrapper.cfbundle; includeInIndex = 0; path = "Assignment @IBAction, @IBOutlet, & println()Tests.xctest"; sourceTree = BUILT_PRODUCTS_DIR; };
		D5717C5A1992DAF800AF101B /* Info.plist */ = {isa = PBXFileReference; lastKnownFileType = text.plist.xml; path = Info.plist; sourceTree = "<group>"; };
		D5717C5B1992DAF800AF101B /* Assignment__IBAction___IBOutlet____println__Tests.swift */ = {isa = PBXFileReference; lastKnownFileType = sourcecode.swift; path = "Assignment__IBAction___IBOutlet____println__Tests.swift"; sourceTree = "<group>"; };
/* End PBXFileReference section */

/* Begin PBXFrameworksBuildPhase section */
		D5717C401992DAF800AF101B /* Frameworks */ = {
			isa = PBXFrameworksBuildPhase;
			buildActionMask = 2147483647;
			files = (
			);
			runOnlyForDeploymentPostprocessing = 0;
		};
		D5717C521992DAF800AF101B /* Frameworks */ = {
			isa = PBXFrameworksBuildPhase;
			buildActionMask = 2147483647;
			files = (
			);
			runOnlyForDeploymentPostprocessing = 0;
		};
/* End PBXFrameworksBuildPhase section */

/* Begin PBXGroup section */
		D5717C3A1992DAF800AF101B = {
			isa = PBXGroup;
			children = (
				D5717C451992DAF800AF101B /* Assignment @IBAction, @IBOutlet, & println() */,
				D5717C581992DAF800AF101B /* Assignment @IBAction, @IBOutlet, & println()Tests */,
				D5717C441992DAF800AF101B /* Products */,
			);
			sourceTree = "<group>";
		};
		D5717C441992DAF800AF101B /* Products */ = {
			isa = PBXGroup;
			children = (
				D5717C431992DAF800AF101B /* Assignment @IBAction, @IBOutlet, & println().app */,
				D5717C551992DAF800AF101B /* Assignment @IBAction, @IBOutlet, & println()Tests.xctest */,
			);
			name = Products;
			sourceTree = "<group>";
		};
		D5717C451992DAF800AF101B /* Assignment @IBAction, @IBOutlet, & println() */ = {
			isa = PBXGroup;
			children = (
				D5717C481992DAF800AF101B /* AppDelegate.swift */,
				D5717C4A1992DAF800AF101B /* ViewController.swift */,
				D5717C4C1992DAF800AF101B /* Main.storyboard */,
				D5717C4F1992DAF800AF101B /* Images.xcassets */,
				D5717C461992DAF800AF101B /* Supporting Files */,
			);
			path = "Assignment @IBAction, @IBOutlet, & println()";
			sourceTree = "<group>";
		};
		D5717C461992DAF800AF101B /* Supporting Files */ = {
			isa = PBXGroup;
			children = (
				D5717C471992DAF800AF101B /* Info.plist */,
			);
			name = "Supporting Files";
			sourceTree = "<group>";
		};
		D5717C581992DAF800AF101B /* Assignment @IBAction, @IBOutlet, & println()Tests */ = {
			isa = PBXGroup;
			children = (
				D5717C5B1992DAF800AF101B /* Assignment__IBAction___IBOutlet____println__Tests.swift */,
				D5717C591992DAF800AF101B /* Supporting Files */,
			);
			path = "Assignment @IBAction, @IBOutlet, & println()Tests";
			sourceTree = "<group>";
		};
		D5717C591992DAF800AF101B /* Supporting Files */ = {
			isa = PBXGroup;
			children = (
				D5717C5A1992DAF800AF101B /* Info.plist */,
			);
			name = "Supporting Files";
			sourceTree = "<group>";
		};
/* End PBXGroup section */

/* Begin PBXNativeTarget section */
		D5717C421992DAF800AF101B /* Assignment @IBAction, @IBOutlet, & println() */ = {
			isa = PBXNativeTarget;
			buildConfigurationList = D5717C5F1992DAF800AF101B /* Build configuration list for PBXNativeTarget "Assignment @IBAction, @IBOutlet, & println()" */;
			buildPhases = (
				D5717C3F1992DAF800AF101B /* Sources */,
				D5717C401992DAF800AF101B /* Frameworks */,
				D5717C411992DAF800AF101B /* Resources */,
			);
			buildRules = (
			);
			dependencies = (
			);
			name = "Assignment @IBAction, @IBOutlet, & println()";
			productName = "Assignment @IBAction, @IBOutlet, & println()";
			productReference = D5717C431992DAF800AF101B /* Assignment @IBAction, @IBOutlet, & println().app */;
			productType = "com.apple.product-type.application";
		};
		D5717C541992DAF800AF101B /* Assignment @IBAction, @IBOutlet, & println()Tests */ = {
			isa = PBXNativeTarget;
			buildConfigurationList = D5717C621992DAF800AF101B /* Build configuration list for PBXNativeTarget "Assignment @IBAction, @IBOutlet, & println()Tests" */;
			buildPhases = (
				D5717C511992DAF800AF101B /* Sources */,
				D5717C521992DAF800AF101B /* Frameworks */,
				D5717C531992DAF800AF101B /* Resources */,
			);
			buildRules = (
			);
			dependencies = (
				D5717C571992DAF800AF101B /* PBXTargetDependency */,
			);
			name = "Assignment @IBAction, @IBOutlet, & println()Tests";
			productName = "Assignment @IBAction, @IBOutlet, & println()Tests";
			productReference = D5717C551992DAF800AF101B /* Assignment @IBAction, @IBOutlet, & println()Tests.xctest */;
			productType = "com.apple.product-type.bundle.unit-test";
		};
/* End PBXNativeTarget section */

/* Begin PBXProject section */
		D5717C3B1992DAF800AF101B /* Project object */ = {
			isa = PBXProject;
			attributes = {
				LastUpgradeCheck = 0600;
				ORGANIZATIONNAME = "Matthew Brightbill";
				TargetAttributes = {
					D5717C421992DAF800AF101B = {
						CreatedOnToolsVersion = 6.0;
					};
					D5717C541992DAF800AF101B = {
						CreatedOnToolsVersion = 6.0;
						TestTargetID = D5717C421992DAF800AF101B;
					};
				};
			};
			buildConfigurationList = D5717C3E1992DAF800AF101B /* Build configuration list for PBXProject "Assignment @IBAction, @IBOutlet, & println()" */;
			compatibilityVersion = "Xcode 3.2";
			developmentRegion = English;
			hasScannedForEncodings = 0;
			knownRegions = (
				en,
				Base,
			);
			mainGroup = D5717C3A1992DAF800AF101B;
			productRefGroup = D5717C441992DAF800AF101B /* Products */;
			projectDirPath = "";
			projectRoot = "";
			targets = (
				D5717C421992DAF800AF101B /* Assignment @IBAction, @IBOutlet, & println() */,
				D5717C541992DAF800AF101B /* Assignment @IBAction, @IBOutlet, & println()Tests */,
			);
		};
/* End PBXProject section */

/* Begin PBXResourcesBuildPhase section */
		D5717C411992DAF800AF101B /* Resources */ = {
			isa = PBXResourcesBuildPhase;
			buildActionMask = 2147483647;
			files = (
				D5717C4E1992DAF800AF101B /* Main.storyboard in Resources */,
				D5717C501992DAF800AF101B /* Images.xcassets in Resources */,
			);
			runOnlyForDeploymentPostprocessing = 0;
		};
		D5717C531992DAF800AF101B /* Resources */ = {
			isa = PBXResourcesBuildPhase;
			buildActionMask = 2147483647;
			files = (
			);
			runOnlyForDeploymentPostprocessing = 0;
		};
/* End PBXResourcesBuildPhase section */

/* Begin PBXSourcesBuildPhase section */
		D5717C3F1992DAF800AF101B /* Sources */ = {
			isa = PBXSourcesBuildPhase;
			buildActionMask = 2147483647;
			files = (
				D5717C4B1992DAF800AF101B /* ViewController.swift in Sources */,
				D5717C491992DAF800AF101B /* AppDelegate.swift in Sources */,
			);
			runOnlyForDeploymentPostprocessing = 0;
		};
		D5717C511992DAF800AF101B /* Sources */ = {
			isa = PBXSourcesBuildPhase;
			buildActionMask = 2147483647;
			files = (
				D5717C5C1992DAF800AF101B /* Assignment__IBAction___IBOutlet____println__Tests.swift in Sources */,
			);
			runOnlyForDeploymentPostprocessing = 0;
		};
/* End PBXSourcesBuildPhase section */

/* Begin PBXTargetDependency section */
		D5717C571992DAF800AF101B /* PBXTargetDependency */ = {
			isa = PBXTargetDependency;
			target = D5717C421992DAF800AF101B /* Assignment @IBAction, @IBOutlet, & println() */;
			targetProxy = D5717C561992DAF800AF101B /* PBXContainerItemProxy */;
		};
/* End PBXTargetDependency section */

/* Begin PBXVariantGroup section */
		D5717C4C1992DAF800AF101B /* Main.storyboard */ = {
			isa = PBXVariantGroup;
			children = (
				D5717C4D1992DAF800AF101B /* Base */,
			);
			name = Main.storyboard;
			sourceTree = "<group>";
		};
/* End PBXVariantGroup section */

/* Begin XCBuildConfiguration section */
		D5717C5D1992DAF800AF101B /* Debug */ = {
			isa = XCBuildConfiguration;
			buildSettings = {
				ALWAYS_SEARCH_USER_PATHS = NO;
				CLANG_CXX_LANGUAGE_STANDARD = "gnu++0x";
				CLANG_CXX_LIBRARY = "libc++";
				CLANG_ENABLE_MODULES = YES;
				CLANG_ENABLE_OBJC_ARC = YES;
				CLANG_WARN_BOOL_CONVERSION = YES;
				CLANG_WARN_CONSTANT_CONVERSION = YES;
				CLANG_WARN_DIRECT_OBJC_ISA_USAGE = YES_ERROR;
				CLANG_WARN_EMPTY_BODY = YES;
				CLANG_WARN_ENUM_CONVERSION = YES;
				CLANG_WARN_INT_CONVERSION = YES;
				CLANG_WARN_OBJC_ROOT_CLASS = YES_ERROR;
				CLANG_WARN_UNREACHABLE_CODE = YES;
				CLANG_WARN__DUPLICATE_METHOD_MATCH = YES;
				"CODE_SIGN_IDENTITY[sdk=iphoneos*]" = "iPhone Developer";
				COPY_PHASE_STRIP = NO;
				ENABLE_STRICT_OBJC_MSGSEND = YES;
				GCC_C_LANGUAGE_STANDARD = gnu99;
				GCC_DYNAMIC_NO_PIC = NO;
				GCC_OPTIMIZATION_LEVEL = 0;
				GCC_PREPROCESSOR_DEFINITIONS = (
					"DEBUG=1",
					"$(inherited)",
				);
				GCC_SYMBOLS_PRIVATE_EXTERN = NO;
				GCC_WARN_64_TO_32_BIT_CONVERSION = YES;
				GCC_WARN_ABOUT_RETURN_TYPE = YES_ERROR;
				GCC_WARN_UNDECLARED_SELECTOR = YES;
				GCC_WARN_UNINITIALIZED_AUTOS = YES_AGGRESSIVE;
				GCC_WARN_UNUSED_FUNCTION = YES;
				GCC_WARN_UNUSED_VARIABLE = YES;
				IPHONEOS_DEPLOYMENT_TARGET = 8.0;
				MTL_ENABLE_DEBUG_INFO = YES;
				ONLY_ACTIVE_ARCH = YES;
				SDKROOT = iphoneos;
				SWIFT_OPTIMIZATION_LEVEL = "-Onone";
				TARGETED_DEVICE_FAMILY = "1,2";
			};
			name = Debug;
		};
		D5717C5E1992DAF800AF101B /* Release */ = {
			isa = XCBuildConfiguration;
			buildSettings = {
				ALWAYS_SEARCH_USER_PATHS = NO;
				CLANG_CXX_LANGUAGE_STANDARD = "gnu++0x";
				CLANG_CXX_LIBRARY = "libc++";
				CLANG_ENABLE_MODULES = YES;
				CLANG_ENABLE_OBJC_ARC = YES;
				CLANG_WARN_BOOL_CONVERSION = YES;
				CLANG_WARN_CONSTANT_CONVERSION = YES;
				CLANG_WARN_DIRECT_OBJC_ISA_USAGE = YES_ERROR;
				CLANG_WARN_EMPTY_BODY = YES;
				CLANG_WARN_ENUM_CONVERSION = YES;
				CLANG_WARN_INT_CONVERSION = YES;
				CLANG_WARN_OBJC_ROOT_CLASS = YES_ERROR;
				CLANG_WARN_UNREACHABLE_CODE = YES;
				CLANG_WARN__DUPLICATE_METHOD_MATCH = YES;
				"CODE_SIGN_IDENTITY[sdk=iphoneos*]" = "iPhone Developer";
				COPY_PHASE_STRIP = YES;
				ENABLE_NS_ASSERTIONS = NO;
				ENABLE_STRICT_OBJC_MSGSEND = YES;
				GCC_C_LANGUAGE_STANDARD = gnu99;
				GCC_WARN_64_TO_32_BIT_CONVERSION = YES;
				GCC_WARN_ABOUT_RETURN_TYPE = YES_ERROR;
				GCC_WARN_UNDECLARED_SELECTOR = YES;
				GCC_WARN_UNINITIALIZED_AUTOS = YES_AGGRESSIVE;
				GCC_WARN_UNUSED_FUNCTION = YES;
				GCC_WARN_UNUSED_VARIABLE = YES;
				IPHONEOS_DEPLOYMENT_TARGET = 8.0;
				MTL_ENABLE_DEBUG_INFO = NO;
				SDKROOT = iphoneos;
				TARGETED_DEVICE_FAMILY = "1,2";
				VALIDATE_PRODUCT = YES;
			};
			name = Release;
		};
		D5717C601992DAF800AF101B /* Debug */ = {
			isa = XCBuildConfiguration;
			buildSettings = {
				ASSETCATALOG_COMPILER_APPICON_NAME = AppIcon;
				ASSETCATALOG_COMPILER_LAUNCHIMAGE_NAME = LaunchImage;
				INFOPLIST_FILE = "Assignment @IBAction, @IBOutlet, & println()/Info.plist";
				LD_RUNPATH_SEARCH_PATHS = "$(inherited) @executable_path/Frameworks";
				PRODUCT_NAME = "$(TARGET_NAME)";
			};
			name = Debug;
		};
		D5717C611992DAF800AF101B /* Release */ = {
			isa = XCBuildConfiguration;
			buildSettings = {
				ASSETCATALOG_COMPILER_APPICON_NAME = AppIcon;
				ASSETCATALOG_COMPILER_LAUNCHIMAGE_NAME = LaunchImage;
				INFOPLIST_FILE = "Assignment @IBAction, @IBOutlet, & println()/Info.plist";
				LD_RUNPATH_SEARCH_PATHS = "$(inherited) @executable_path/Frameworks";
				PRODUCT_NAME = "$(TARGET_NAME)";
			};
			name = Release;
		};
		D5717C631992DAF800AF101B /* Debug */ = {
			isa = XCBuildConfiguration;
			buildSettings = {
				BUNDLE_LOADER = "$(TEST_HOST)";
				FRAMEWORK_SEARCH_PATHS = (
					"$(SDKROOT)/Developer/Library/Frameworks",
					"$(inherited)",
				);
				GCC_PREPROCESSOR_DEFINITIONS = (
					"DEBUG=1",
					"$(inherited)",
				);
				INFOPLIST_FILE = "Assignment @IBAction, @IBOutlet, & println()Tests/Info.plist";
				LD_RUNPATH_SEARCH_PATHS = "$(inherited) @executable_path/Frameworks @loader_path/Frameworks";
				PRODUCT_NAME = "$(TARGET_NAME)";
				TEST_HOST = "$(BUILT_PRODUCTS_DIR)/Assignment @IBAction, @IBOutlet, & println().app/Assignment @IBAction, @IBOutlet, & println()";
			};
			name = Debug;
		};
		D5717C641992DAF800AF101B /* Release */ = {
			isa = XCBuildConfiguration;
			buildSettings = {
				BUNDLE_LOADER = "$(TEST_HOST)";
				FRAMEWORK_SEARCH_PATHS = (
					"$(SDKROOT)/Developer/Library/Frameworks",
					"$(inherited)",
				);
				INFOPLIST_FILE = "Assignment @IBAction, @IBOutlet, & println()Tests/Info.plist";
				LD_RUNPATH_SEARCH_PATHS = "$(inherited) @executable_path/Frameworks @loader_path/Frameworks";
				PRODUCT_NAME = "$(TARGET_NAME)";
				TEST_HOST = "$(BUILT_PRODUCTS_DIR)/Assignment @IBAction, @IBOutlet, & println().app/Assignment @IBAction, @IBOutlet, & println()";
			};
			name = Release;
		};
/* End XCBuildConfiguration section */

/* Begin XCConfigurationList section */
		D5717C3E1992DAF800AF101B /* Build configuration list for PBXProject "Assignment @IBAction, @IBOutlet, & println()" */ = {
			isa = XCConfigurationList;
			buildConfigurations = (
				D5717C5D1992DAF800AF101B /* Debug */,
				D5717C5E1992DAF800AF101B /* Release */,
			);
			defaultConfigurationIsVisible = 0;
			defaultConfigurationName = Release;
		};
		D5717C5F1992DAF800AF101B /* Build configuration list for PBXNativeTarget "Assignment @IBAction, @IBOutlet, & println()" */ = {
			isa = XCConfigurationList;
			buildConfigurations = (
				D5717C601992DAF800AF101B /* Debug */,
				D5717C611992DAF800AF101B /* Release */,
			);
			defaultConfigurationIsVisible = 0;
		};
		D5717C621992DAF800AF101B /* Build configuration list for PBXNativeTarget "Assignment @IBAction, @IBOutlet, & println()Tests" */ = {
			isa = XCConfigurationList;
			buildConfigurations = (
				D5717C631992DAF800AF101B /* Debug */,
				D5717C641992DAF800AF101B /* Release */,
			);
			defaultConfigurationIsVisible = 0;
		};
/* End XCConfigurationList section */
	};
	rootObject = D5717C3B1992DAF800AF101B /* Project object */;
}
